PODS:
  - arkit_plugin (0.0.1):
    - Flutter
  - audioplayers_darwin (0.0.1):
    - Flutter
  - fast_barcode_scanner (0.0.1):
    - Flutter
  - Firebase/CoreOnly (10.1.0):
    - FirebaseCore (= 10.1.0)
  - Firebase/Database (10.1.0):
    - Firebase/CoreOnly
    - FirebaseDatabase (~> 10.1.0)
  - firebase_core (2.2.0):
    - Firebase/CoreOnly (= 10.1.0)
    - Flutter
  - firebase_database (10.0.5):
    - Firebase/Database (= 10.1.0)
    - firebase_core
    - Flutter
  - FirebaseCore (10.1.0):
    - FirebaseCoreInternal (~> 10.0)
    - GoogleUtilities/Environment (~> 7.8)
    - GoogleUtilities/Logger (~> 7.8)
  - FirebaseCoreInternal (10.2.0):
    - "GoogleUtilities/NSData+zlib (~> 7.8)"
  - FirebaseDatabase (10.1.0):
    - FirebaseCore (~> 10.0)
    - leveldb-library (~> 1.22)
  - Flutter (1.0.0)
  - flutter_barcode_scanner (2.0.0):
    - Flutter
  - flutter_vibrate (0.0.1):
    - Flutter
  - GoogleUtilities/Environment (7.10.0):
    - PromisesObjC (< 3.0, >= 1.2)
  - GoogleUtilities/Logger (7.10.0):
    - GoogleUtilities/Environment
  - "GoogleUtilities/NSData+zlib (7.10.0)"
  - leveldb-library (1.22.1)
  - path_provider_ios (0.0.1):
    - Flutter
  - PromisesObjC (2.1.1)

DEPENDENCIES:
  - arkit_plugin (from `.symlinks/plugins/arkit_plugin/ios`)
  - audioplayers_darwin (from `.symlinks/plugins/audioplayers_darwin/ios`)
  - fast_barcode_scanner (from `.symlinks/plugins/fast_barcode_scanner/ios`)
  - firebase_core (from `.symlinks/plugins/firebase_core/ios`)
  - firebase_database (from `.symlinks/plugins/firebase_database/ios`)
  - Flutter (from `Flutter`)
  - flutter_barcode_scanner (from `.symlinks/plugins/flutter_barcode_scanner/ios`)
  - flutter_vibrate (from `.symlinks/plugins/flutter_vibrate/ios`)
  - path_provider_ios (from `.symlinks/plugins/path_provider_ios/ios`)

SPEC REPOS:
  trunk:
    - Firebase
    - FirebaseCore
    - FirebaseCoreInternal
    - FirebaseDatabase
    - GoogleUtilities
    - leveldb-library
    - PromisesObjC

EXTERNAL SOURCES:
  arkit_plugin:
    :path: ".symlinks/plugins/arkit_plugin/ios"
  audioplayers_darwin:
    :path: ".symlinks/plugins/audioplayers_darwin/ios"
  fast_barcode_scanner:
    :path: ".symlinks/plugins/fast_barcode_scanner/ios"
  firebase_core:
    :path: ".symlinks/plugins/firebase_core/ios"
  firebase_database:
    :path: ".symlinks/plugins/firebase_database/ios"
  Flutter:
    :path: Flutter
  flutter_barcode_scanner:
    :path: ".symlinks/plugins/flutter_barcode_scanner/ios"
  flutter_vibrate:
    :path: ".symlinks/plugins/flutter_vibrate/ios"
  path_provider_ios:
    :path: ".symlinks/plugins/path_provider_ios/ios"

SPEC CHECKSUMS:
  arkit_plugin: 3e42571e8be84adabb8a178bd51c22fa981e16bd
  audioplayers_darwin: 877d9a4d06331c5c374595e46e16453ac7eafa40
  fast_barcode_scanner: 0df01447443e9f9c7a6859844d8c4719887100b4
  Firebase: 444b35a9c568a516666213c2f6cccd10cb12559f
  firebase_core: d2242c6f318db1d0dcecfbfa491e943337b0d755
  firebase_database: e27e635c7b0c1097a5968aa477978753c1eef64b
  FirebaseCore: 55e7ae35991ccca4db03ff8d8df6ed5f17a3e4c7
  FirebaseCoreInternal: 091bde13e47bb1c5e9fe397634f3593dc390430f
  FirebaseDatabase: 2dad4f291390ace067f46f7988600d3b46764b4e
  Flutter: f04841e97a9d0b0a8025694d0796dd46242b2854
  flutter_barcode_scanner: 7a1144744c28dc0c57a8de7218ffe5ec59a9e4bf
  flutter_vibrate: 9f4c2ab57008965f78969472367c329dd77eb801
  GoogleUtilities: bad72cb363809015b1f7f19beb1f1cd23c589f95
  leveldb-library: 50c7b45cbd7bf543c81a468fe557a16ae3db8729
  path_provider_ios: 14f3d2fd28c4fdb42f44e0f751d12861c43cee02
  PromisesObjC: ab77feca74fa2823e7af4249b8326368e61014cb

PODFILE CHECKSUM: 4e8f8b2be68aeea4c0d5beb6ff1e79fface1d048

COCOAPODS: 1.11.3
